{
  "name": "easy-ui",
  "version": "0.0.0",
  "lockfileVersion": 2,
  "requires": true,
  "packages": {
    "": {
      "name": "easy-ui",
      "version": "0.0.0",
      "workspaces": [
        "easy-ui-icons",
        "easy-ui-react",
        "easy-ui-tokens",
        "easy-ui-storybook",
        "stylelint-easy-ui",
        "eslint-config-easy-ui"
      ],
      "engines": {
        "node": "^16.14.0"
      }
    },
    "easy-ui-icons": {
      "name": "@easypost/easy-ui-icons",
      "version": "1.0.0"
    },
    "easy-ui-react": {
      "name": "@easypost/easy-ui",
      "version": "1.0.0"
    },
    "easy-ui-storybook": {
      "name": "@easypost/easy-ui-storybook",
      "version": "1.0.0"
    },
    "easy-ui-tokens": {
      "name": "@easypost/easy-ui-tokens",
      "version": "1.0.0"
    },
    "eslint-config-easy-ui": {
      "name": "@easypost/eslint-config-easy-ui",
      "version": "1.0.0"
    },
    "node_modules/@easypost/easy-ui": {
      "resolved": "easy-ui-react",
      "link": true
    },
    "node_modules/@easypost/easy-ui-icons": {
      "resolved": "easy-ui-icons",
      "link": true
    },
    "node_modules/@easypost/easy-ui-storybook": {
      "resolved": "easy-ui-storybook",
      "link": true
    },
    "node_modules/@easypost/easy-ui-tokens": {
      "resolved": "easy-ui-tokens",
      "link": true
    },
    "node_modules/@easypost/eslint-config-easy-ui": {
      "resolved": "eslint-config-easy-ui",
      "link": true
    },
    "node_modules/@easypost/stylelint-easy-ui": {
      "resolved": "stylelint-easy-ui",
      "link": true
    },
    "stylelint-easy-ui": {
      "name": "@easypost/stylelint-easy-ui",
      "version": "1.0.0"
    }
  },
  "dependencies": {
    "@easypost/easy-ui": {
      "version": "file:easy-ui-react"
    },
    "@easypost/easy-ui-icons": {
      "version": "file:easy-ui-icons"
    },
    "@easypost/easy-ui-storybook": {
      "version": "file:easy-ui-storybook"
    },
    "@easypost/easy-ui-tokens": {
      "version": "file:easy-ui-tokens"
    },
    "@easypost/eslint-config-easy-ui": {
      "version": "file:eslint-config-easy-ui"
    },
    "@easypost/stylelint-easy-ui": {
      "version": "file:stylelint-easy-ui"
    }
  }
}
